// !$*UTF8*$!
{
	archiveVersion = 1;
	classes = {
	};
	objectVersion = 46;
	objects = {

/* Begin PBXBuildFile section */
		4CF090431BF606F6008B20B9 /* main.m in Sources */ = {isa = PBXBuildFile; fileRef = 4CF090421BF606F5008B20B9 /* main.m */; };
		4CF090461BF606F6008B20B9 /* AppDelegate.m in Sources */ = {isa = PBXBuildFile; fileRef = 4CF090451BF606F6008B20B9 /* AppDelegate.m */; };
		4CF090491BF606F6008B20B9 /* ViewController.m in Sources */ = {isa = PBXBuildFile; fileRef = 4CF090481BF606F6008B20B9 /* ViewController.m */; };
		4CF0904C1BF606F6008B20B9 /* Main.storyboard in Resources */ = {isa = PBXBuildFile; fileRef = 4CF0904A1BF606F6008B20B9 /* Main.storyboard */; };
		4CF0904E1BF606F6008B20B9 /* Assets.xcassets in Resources */ = {isa = PBXBuildFile; fileRef = 4CF0904D1BF606F6008B20B9 /* Assets.xcassets */; };
		4CF090511BF606F6008B20B9 /* LaunchScreen.storyboard in Resources */ = {isa = PBXBuildFile; fileRef = 4CF0904F1BF606F6008B20B9 /* LaunchScreen.storyboard */; };
		4CF0905C1BF606F6008B20B9 /* Overdue_Task_ListTests.m in Sources */ = {isa = PBXBuildFile; fileRef = 4CF0905B1BF606F6008B20B9 /* Overdue_Task_ListTests.m */; };
		4CF090671BF606F6008B20B9 /* Overdue_Task_ListUITests.m in Sources */ = {isa = PBXBuildFile; fileRef = 4CF090661BF606F6008B20B9 /* Overdue_Task_ListUITests.m */; };
/* End PBXBuildFile section */

/* Begin PBXContainerItemProxy section */
		4CF090581BF606F6008B20B9 /* PBXContainerItemProxy */ = {
			isa = PBXContainerItemProxy;
			containerPortal = 4CF090361BF606F5008B20B9 /* Project object */;
			proxyType = 1;
			remoteGlobalIDString = 4CF0903D1BF606F5008B20B9;
			remoteInfo = "Overdue Task List";
		};
		4CF090631BF606F6008B20B9 /* PBXContainerItemProxy */ = {
			isa = PBXContainerItemProxy;
			containerPortal = 4CF090361BF606F5008B20B9 /* Project object */;
			proxyType = 1;
			remoteGlobalIDString = 4CF0903D1BF606F5008B20B9;
			remoteInfo = "Overdue Task List";
		};
/* End PBXContainerItemProxy section */

/* Begin PBXFileReference section */
		4CF0903E1BF606F5008B20B9 /* Overdue Task List.app */ = {isa = PBXFileReference; explicitFileType = wrapper.application; includeInIndex = 0; path = "Overdue Task List.app"; sourceTree = BUILT_PRODUCTS_DIR; };
		4CF090421BF606F5008B20B9 /* main.m */ = {isa = PBXFileReference; lastKnownFileType = sourcecode.c.objc; path = main.m; sourceTree = "<group>"; };
		4CF090441BF606F6008B20B9 /* AppDelegate.h */ = {isa = PBXFileReference; lastKnownFileType = sourcecode.c.h; path = AppDelegate.h; sourceTree = "<group>"; };
		4CF090451BF606F6008B20B9 /* AppDelegate.m */ = {isa = PBXFileReference; lastKnownFileType = sourcecode.c.objc; path = AppDelegate.m; sourceTree = "<group>"; };
		4CF090471BF606F6008B20B9 /* ViewController.h */ = {isa = PBXFileReference; lastKnownFileType = sourcecode.c.h; path = ViewController.h; sourceTree = "<group>"; };
		4CF090481BF606F6008B20B9 /* ViewController.m */ = {isa = PBXFileReference; lastKnownFileType = sourcecode.c.objc; path = ViewController.m; sourceTree = "<group>"; };
		4CF0904B1BF606F6008B20B9 /* Base */ = {isa = PBXFileReference; lastKnownFileType = file.storyboard; name = Base; path = Base.lproj/Main.storyboard; sourceTree = "<group>"; };
		4CF0904D1BF606F6008B20B9 /* Assets.xcassets */ = {isa = PBXFileReference; lastKnownFileType = folder.assetcatalog; path = Assets.xcassets; sourceTree = "<group>"; };
		4CF090501BF606F6008B20B9 /* Base */ = {isa = PBXFileReference; lastKnownFileType = file.storyboard; name = Base; path = Base.lproj/LaunchScreen.storyboard; sourceTree = "<group>"; };
		4CF090521BF606F6008B20B9 /* Info.plist */ = {isa = PBXFileReference; lastKnownFileType = text.plist.xml; path = Info.plist; sourceTree = "<group>"; };
		4CF090571BF606F6008B20B9 /* Overdue Task ListTests.xctest */ = {isa = PBXFileReference; explicitFileType = wrapper.cfbundle; includeInIndex = 0; path = "Overdue Task ListTests.xctest"; sourceTree = BUILT_PRODUCTS_DIR; };
		4CF0905B1BF606F6008B20B9 /* Overdue_Task_ListTests.m */ = {isa = PBXFileReference; lastKnownFileType = sourcecode.c.objc; path = Overdue_Task_ListTests.m; sourceTree = "<group>"; };
		4CF0905D1BF606F6008B20B9 /* Info.plist */ = {isa = PBXFileReference; lastKnownFileType = text.plist.xml; path = Info.plist; sourceTree = "<group>"; };
		4CF090621BF606F6008B20B9 /* Overdue Task ListUITests.xctest */ = {isa = PBXFileReference; explicitFileType = wrapper.cfbundle; includeInIndex = 0; path = "Overdue Task ListUITests.xctest"; sourceTree = BUILT_PRODUCTS_DIR; };
		4CF090661BF606F6008B20B9 /* Overdue_Task_ListUITests.m */ = {isa = PBXFileReference; lastKnownFileType = sourcecode.c.objc; path = Overdue_Task_ListUITests.m; sourceTree = "<group>"; };
		4CF090681BF606F6008B20B9 /* Info.plist */ = {isa = PBXFileReference; lastKnownFileType = text.plist.xml; path = Info.plist; sourceTree = "<group>"; };
/* End PBXFileReference section */

/* Begin PBXFrameworksBuildPhase section */
		4CF0903B1BF606F5008B20B9 /* Frameworks */ = {
			isa = PBXFrameworksBuildPhase;
			buildActionMask = 2147483647;
			files = (
			);
			runOnlyForDeploymentPostprocessing = 0;
		};
		4CF090541BF606F6008B20B9 /* Frameworks */ = {
			isa = PBXFrameworksBuildPhase;
			buildActionMask = 2147483647;
			files = (
			);
			runOnlyForDeploymentPostprocessing = 0;
		};
		4CF0905F1BF606F6008B20B9 /* Frameworks */ = {
			isa = PBXFrameworksBuildPhase;
			buildActionMask = 2147483647;
			files = (
			);
			runOnlyForDeploymentPostprocessing = 0;
		};
/* End PBXFrameworksBuildPhase section */

/* Begin PBXGroup section */
		4CF090351BF606F5008B20B9 = {
			isa = PBXGroup;
			children = (
				4CF090401BF606F5008B20B9 /* Overdue Task List */,
				4CF0905A1BF606F6008B20B9 /* Overdue Task ListTests */,
				4CF090651BF606F6008B20B9 /* Overdue Task ListUITests */,
				4CF0903F1BF606F5008B20B9 /* Products */,
			);
			sourceTree = "<group>";
		};
		4CF0903F1BF606F5008B20B9 /* Products */ = {
			isa = PBXGroup;
			children = (
				4CF0903E1BF606F5008B20B9 /* Overdue Task List.app */,
				4CF090571BF606F6008B20B9 /* Overdue Task ListTests.xctest */,
				4CF090621BF606F6008B20B9 /* Overdue Task ListUITests.xctest */,
			);
			name = Products;
			sourceTree = "<group>";
		};
		4CF090401BF606F5008B20B9 /* Overdue Task List */ = {
			isa = PBXGroup;
			children = (
				4CF090441BF606F6008B20B9 /* AppDelegate.h */,
				4CF090451BF606F6008B20B9 /* AppDelegate.m */,
				4CF090471BF606F6008B20B9 /* ViewController.h */,
				4CF090481BF606F6008B20B9 /* ViewController.m */,
				4CF0904A1BF606F6008B20B9 /* Main.storyboard */,
				4CF0904D1BF606F6008B20B9 /* Assets.xcassets */,
				4CF0904F1BF606F6008B20B9 /* LaunchScreen.storyboard */,
				4CF090521BF606F6008B20B9 /* Info.plist */,
				4CF090411BF606F5008B20B9 /* Supporting Files */,
			);
			path = "Overdue Task List";
			sourceTree = "<group>";
		};
		4CF090411BF606F5008B20B9 /* Supporting Files */ = {
			isa = PBXGroup;
			children = (
				4CF090421BF606F5008B20B9 /* main.m */,
			);
			name = "Supporting Files";
			sourceTree = "<group>";
		};
		4CF0905A1BF606F6008B20B9 /* Overdue Task ListTests */ = {
			isa = PBXGroup;
			children = (
				4CF0905B1BF606F6008B20B9 /* Overdue_Task_ListTests.m */,
				4CF0905D1BF606F6008B20B9 /* Info.plist */,
			);
			path = "Overdue Task ListTests";
			sourceTree = "<group>";
		};
		4CF090651BF606F6008B20B9 /* Overdue Task ListUITests */ = {
			isa = PBXGroup;
			children = (
				4CF090661BF606F6008B20B9 /* Overdue_Task_ListUITests.m */,
				4CF090681BF606F6008B20B9 /* Info.plist */,
			);
			path = "Overdue Task ListUITests";
			sourceTree = "<group>";
		};
/* End PBXGroup section */

/* Begin PBXNativeTarget section */
		4CF0903D1BF606F5008B20B9 /* Overdue Task List */ = {
			isa = PBXNativeTarget;
			buildConfigurationList = 4CF0906B1BF606F6008B20B9 /* Build configuration list for PBXNativeTarget "Overdue Task List" */;
			buildPhases = (
				4CF0903A1BF606F5008B20B9 /* Sources */,
				4CF0903B1BF606F5008B20B9 /* Frameworks */,
				4CF0903C1BF606F5008B20B9 /* Resources */,
			);
			buildRules = (
			);
			dependencies = (
			);
			name = "Overdue Task List";
			productName = "Overdue Task List";
			productReference = 4CF0903E1BF606F5008B20B9 /* Overdue Task List.app */;
			productType = "com.apple.product-type.application";
		};
		4CF090561BF606F6008B20B9 /* Overdue Task ListTests */ = {
			isa = PBXNativeTarget;
			buildConfigurationList = 4CF0906E1BF606F6008B20B9 /* Build configuration list for PBXNativeTarget "Overdue Task ListTests" */;
			buildPhases = (
				4CF090531BF606F6008B20B9 /* Sources */,
				4CF090541BF606F6008B20B9 /* Frameworks */,
				4CF090551BF606F6008B20B9 /* Resources */,
			);
			buildRules = (
			);
			dependencies = (
				4CF090591BF606F6008B20B9 /* PBXTargetDependency */,
			);
			name = "Overdue Task ListTests";
			productName = "Overdue Task ListTests";
			productReference = 4CF090571BF606F6008B20B9 /* Overdue Task ListTests.xctest */;
			productType = "com.apple.product-type.bundle.unit-test";
		};
		4CF090611BF606F6008B20B9 /* Overdue Task ListUITests */ = {
			isa = PBXNativeTarget;
			buildConfigurationList = 4CF090711BF606F6008B20B9 /* Build configuration list for PBXNativeTarget "Overdue Task ListUITests" */;
			buildPhases = (
				4CF0905E1BF606F6008B20B9 /* Sources */,
				4CF0905F1BF606F6008B20B9 /* Frameworks */,
				4CF090601BF606F6008B20B9 /* Resources */,
			);
			buildRules = (
			);
			dependencies = (
				4CF090641BF606F6008B20B9 /* PBXTargetDependency */,
			);
			name = "Overdue Task ListUITests";
			productName = "Overdue Task ListUITests";
			productReference = 4CF090621BF606F6008B20B9 /* Overdue Task ListUITests.xctest */;
			productType = "com.apple.product-type.bundle.ui-testing";
		};
/* End PBXNativeTarget section */

/* Begin PBXProject section */
		4CF090361BF606F5008B20B9 /* Project object */ = {
			isa = PBXProject;
			attributes = {
				LastUpgradeCheck = 0710;
				ORGANIZATIONNAME = "Tim Engel";
				TargetAttributes = {
					4CF0903D1BF606F5008B20B9 = {
						CreatedOnToolsVersion = 7.1.1;
						DevelopmentTeam = GZ3K244J73;
					};
					4CF090561BF606F6008B20B9 = {
						CreatedOnToolsVersion = 7.1.1;
						DevelopmentTeam = GZ3K244J73;
						TestTargetID = 4CF0903D1BF606F5008B20B9;
					};
					4CF090611BF606F6008B20B9 = {
						CreatedOnToolsVersion = 7.1.1;
						DevelopmentTeam = GZ3K244J73;
						TestTargetID = 4CF0903D1BF606F5008B20B9;
					};
				};
			};
			buildConfigurationList = 4CF090391BF606F5008B20B9 /* Build configuration list for PBXProject "Overdue Task List" */;
			compatibilityVersion = "Xcode 3.2";
			developmentRegion = English;
			hasScannedForEncodings = 0;
			knownRegions = (
				en,
				Base,
			);
			mainGroup = 4CF090351BF606F5008B20B9;
			productRefGroup = 4CF0903F1BF606F5008B20B9 /* Products */;
			projectDirPath = "";
			projectRoot = "";
			targets = (
				4CF0903D1BF606F5008B20B9 /* Overdue Task List */,
				4CF090561BF606F6008B20B9 /* Overdue Task ListTests */,
				4CF090611BF606F6008B20B9 /* Overdue Task ListUITests */,
			);
		};
/* End PBXProject section */

/* Begin PBXResourcesBuildPhase section */
		4CF0903C1BF606F5008B20B9 /* Resources */ = {
			isa = PBXResourcesBuildPhase;
			buildActionMask = 2147483647;
			files = (
				4CF090511BF606F6008B20B9 /* LaunchScreen.storyboard in Resources */,
				4CF0904E1BF606F6008B20B9 /* Assets.xcassets in Resources */,
				4CF0904C1BF606F6008B20B9 /* Main.storyboard in Resources */,
			);
			runOnlyForDeploymentPostprocessing = 0;
		};
		4CF090551BF606F6008B20B9 /* Resources */ = {
			isa = PBXResourcesBuildPhase;
			buildActionMask = 2147483647;
			files = (
			);
			runOnlyForDeploymentPostprocessing = 0;
		};
		4CF090601BF606F6008B20B9 /* Resources */ = {
			isa = PBXResourcesBuildPhase;
			buildActionMask = 2147483647;
			files = (
			);
			runOnlyForDeploymentPostprocessing = 0;
		};
/* End PBXResourcesBuildPhase section */

/* Begin PBXSourcesBuildPhase section */
		4CF0903A1BF606F5008B20B9 /* Sources */ = {
			isa = PBXSourcesBuildPhase;
			buildActionMask = 2147483647;
			files = (
				4CF090491BF606F6008B20B9 /* ViewController.m in Sources */,
				4CF090461BF606F6008B20B9 /* AppDelegate.m in Sources */,
				4CF090431BF606F6008B20B9 /* main.m in Sources */,
			);
			runOnlyForDeploymentPostprocessing = 0;
		};
		4CF090531BF606F6008B20B9 /* Sources */ = {
			isa = PBXSourcesBuildPhase;
			buildActionMask = 2147483647;
			files = (
				4CF0905C1BF606F6008B20B9 /* Overdue_Task_ListTests.m in Sources */,
			);
			runOnlyForDeploymentPostprocessing = 0;
		};
		4CF0905E1BF606F6008B20B9 /* Sources */ = {
			isa = PBXSourcesBuildPhase;
			buildActionMask = 2147483647;
			files = (
				4CF090671BF606F6008B20B9 /* Overdue_Task_ListUITests.m in Sources */,
			);
			runOnlyForDeploymentPostprocessing = 0;
		};
/* End PBXSourcesBuildPhase section */

/* Begin PBXTargetDependency section */
		4CF090591BF606F6008B20B9 /* PBXTargetDependency */ = {
			isa = PBXTargetDependency;
			target = 4CF0903D1BF606F5008B20B9 /* Overdue Task List */;
			targetProxy = 4CF090581BF606F6008B20B9 /* PBXContainerItemProxy */;
		};
		4CF090641BF606F6008B20B9 /* PBXTargetDependency */ = {
			isa = PBXTargetDependency;
			target = 4CF0903D1BF606F5008B20B9 /* Overdue Task List */;
			targetProxy = 4CF090631BF606F6008B20B9 /* PBXContainerItemProxy */;
		};
/* End PBXTargetDependency section */

/* Begin PBXVariantGroup section */
		4CF0904A1BF606F6008B20B9 /* Main.storyboard */ = {
			isa = PBXVariantGroup;
			children = (
				4CF0904B1BF606F6008B20B9 /* Base */,
			);
			name = Main.storyboard;
			sourceTree = "<group>";
		};
		4CF0904F1BF606F6008B20B9 /* LaunchScreen.storyboard */ = {
			isa = PBXVariantGroup;
			children = (
				4CF090501BF606F6008B20B9 /* Base */,
			);
			name = LaunchScreen.storyboard;
			sourceTree = "<group>";
		};
/* End PBXVariantGroup section */

/* Begin XCBuildConfiguration section */
		4CF090691BF606F6008B20B9 /* Debug */ = {
			isa = XCBuildConfiguration;
			buildSettings = {
				ALWAYS_SEARCH_USER_PATHS = NO;
				CLANG_CXX_LANGUAGE_STANDARD = "gnu++0x";
				CLANG_CXX_LIBRARY = "libc++";
				CLANG_ENABLE_MODULES = YES;
				CLANG_ENABLE_OBJC_ARC = YES;
				CLANG_WARN_BOOL_CONVERSION = YES;
				CLANG_WARN_CONSTANT_CONVERSION = YES;
				CLANG_WARN_DIRECT_OBJC_ISA_USAGE = YES_ERROR;
				CLANG_WARN_EMPTY_BODY = YES;
				CLANG_WARN_ENUM_CONVERSION = YES;
				CLANG_WARN_INT_CONVERSION = YES;
				CLANG_WARN_OBJC_ROOT_CLASS = YES_ERROR;
				CLANG_WARN_UNREACHABLE_CODE = YES;
				CLANG_WARN__DUPLICATE_METHOD_MATCH = YES;
				"CODE_SIGN_IDENTITY[sdk=iphoneos*]" = "iPhone Developer";
				COPY_PHASE_STRIP = NO;
				DEBUG_INFORMATION_FORMAT = dwarf;
				ENABLE_STRICT_OBJC_MSGSEND = YES;
				ENABLE_TESTABILITY = YES;
				GCC_C_LANGUAGE_STANDARD = gnu99;
				GCC_DYNAMIC_NO_PIC = NO;
				GCC_NO_COMMON_BLOCKS = YES;
				GCC_OPTIMIZATION_LEVEL = 0;
				GCC_PREPROCESSOR_DEFINITIONS = (
					"DEBUG=1",
					"$(inherited)",
				);
				GCC_WARN_64_TO_32_BIT_CONVERSION = YES;
				GCC_WARN_ABOUT_RETURN_TYPE = YES_ERROR;
				GCC_WARN_UNDECLARED_SELECTOR = YES;
				GCC_WARN_UNINITIALIZED_AUTOS = YES_AGGRESSIVE;
				GCC_WARN_UNUSED_FUNCTION = YES;
				GCC_WARN_UNUSED_VARIABLE = YES;
				IPHONEOS_DEPLOYMENT_TARGET = 9.1;
				MTL_ENABLE_DEBUG_INFO = YES;
				ONLY_ACTIVE_ARCH = YES;
				SDKROOT = iphoneos;
			};
			name = Debug;
		};
		4CF0906A1BF606F6008B20B9 /* Release */ = {
			isa = XCBuildConfiguration;
			buildSettings = {
				ALWAYS_SEARCH_USER_PATHS = NO;
				CLANG_CXX_LANGUAGE_STANDARD = "gnu++0x";
				CLANG_CXX_LIBRARY = "libc++";
				CLANG_ENABLE_MODULES = YES;
				CLANG_ENABLE_OBJC_ARC = YES;
				CLANG_WARN_BOOL_CONVERSION = YES;
				CLANG_WARN_CONSTANT_CONVERSION = YES;
				CLANG_WARN_DIRECT_OBJC_ISA_USAGE = YES_ERROR;
				CLANG_WARN_EMPTY_BODY = YES;
				CLANG_WARN_ENUM_CONVERSION = YES;
				CLANG_WARN_INT_CONVERSION = YES;
				CLANG_WARN_OBJC_ROOT_CLASS = YES_ERROR;
				CLANG_WARN_UNREACHABLE_CODE = YES;
				CLANG_WARN__DUPLICATE_METHOD_MATCH = YES;
				"CODE_SIGN_IDENTITY[sdk=iphoneos*]" = "iPhone Developer";
				COPY_PHASE_STRIP = NO;
				DEBUG_INFORMATION_FORMAT = "dwarf-with-dsym";
				ENABLE_NS_ASSERTIONS = NO;
				ENABLE_STRICT_OBJC_MSGSEND = YES;
				GCC_C_LANGUAGE_STANDARD = gnu99;
				GCC_NO_COMMON_BLOCKS = YES;
				GCC_WARN_64_TO_32_BIT_CONVERSION = YES;
				GCC_WARN_ABOUT_RETURN_TYPE = YES_ERROR;
				GCC_WARN_UNDECLARED_SELECTOR = YES;
				GCC_WARN_UNINITIALIZED_AUTOS = YES_AGGRESSIVE;
				GCC_WARN_UNUSED_FUNCTION = YES;
				GCC_WARN_UNUSED_VARIABLE = YES;
				IPHONEOS_DEPLOYMENT_TARGET = 9.1;
				MTL_ENABLE_DEBUG_INFO = NO;
				SDKROOT = iphoneos;
				VALIDATE_PRODUCT = YES;
			};
			name = Release;
		};
		4CF0906C1BF606F6008B20B9 /* Debug */ = {
			isa = XCBuildConfiguration;
			buildSettings = {
				ASSETCATALOG_COMPILER_APPICON_NAME = AppIcon;
				INFOPLIST_FILE = "Overdue Task List/Info.plist";
				LD_RUNPATH_SEARCH_PATHS = "$(inherited) @executable_path/Frameworks";
				PRODUCT_BUNDLE_IDENTIFIER = "cn.Overdue-Task-List";
				PRODUCT_NAME = "$(TARGET_NAME)";
			};
			name = Debug;
		};
		4CF0906D1BF606F6008B20B9 /* Release */ = {
			isa = XCBuildConfiguration;
			buildSettings = {
				ASSETCATALOG_COMPILER_APPICON_NAME = AppIcon;
				INFOPLIST_FILE = "Overdue Task List/Info.plist";
				LD_RUNPATH_SEARCH_PATHS = "$(inherited) @executable_path/Frameworks";
				PRODUCT_BUNDLE_IDENTIFIER = "cn.Overdue-Task-List";
				PRODUCT_NAME = "$(TARGET_NAME)";
			};
			name = Release;
		};
		4CF0906F1BF606F6008B20B9 /* Debug */ = {
			isa = XCBuildConfiguration;
			buildSettings = {
				BUNDLE_LOADER = "$(TEST_HOST)";
				INFOPLIST_FILE = "Overdue Task ListTests/Info.plist";
				LD_RUNPATH_SEARCH_PATHS = "$(inherited) @executable_path/Frameworks @loader_path/Frameworks";
				PRODUCT_BUNDLE_IDENTIFIER = "cn.Overdue-Task-ListTests";
				PRODUCT_NAME = "$(TARGET_NAME)";
				TEST_HOST = "$(BUILT_PRODUCTS_DIR)/Overdue Task List.app/Overdue Task List";
			};
			name = Debug;
		};
		4CF090701BF606F6008B20B9 /* Release */ = {
			isa = XCBuildConfiguration;
			buildSettings = {
				BUNDLE_LOADER = "$(TEST_HOST)";
				INFOPLIST_FILE = "Overdue Task ListTests/Info.plist";
				LD_RUNPATH_SEARCH_PATHS = "$(inherited) @executable_path/Frameworks @loader_path/Frameworks";
				PRODUCT_BUNDLE_IDENTIFIER = "cn.Overdue-Task-ListTests";
				PRODUCT_NAME = "$(TARGET_NAME)";
				TEST_HOST = "$(BUILT_PRODUCTS_DIR)/Overdue Task List.app/Overdue Task List";
			};
			name = Release;
		};
		4CF090721BF606F6008B20B9 /* Debug */ = {
			isa = XCBuildConfiguration;
			buildSettings = {
				INFOPLIST_FILE = "Overdue Task ListUITests/Info.plist";
				LD_RUNPATH_SEARCH_PATHS = "$(inherited) @executable_path/Frameworks @loader_path/Frameworks";
				PRODUCT_BUNDLE_IDENTIFIER = "cn.Overdue-Task-ListUITests";
				PRODUCT_NAME = "$(TARGET_NAME)";
				TEST_TARGET_NAME = "Overdue Task List";
				USES_XCTRUNNER = YES;
			};
			name = Debug;
		};
		4CF090731BF606F6008B20B9 /* Release */ = {
			isa = XCBuildConfiguration;
			buildSettings = {
				INFOPLIST_FILE = "Overdue Task ListUITests/Info.plist";
				LD_RUNPATH_SEARCH_PATHS = "$(inherited) @executable_path/Frameworks @loader_path/Frameworks";
				PRODUCT_BUNDLE_IDENTIFIER = "cn.Overdue-Task-ListUITests";
				PRODUCT_NAME = "$(TARGET_NAME)";
				TEST_TARGET_NAME = "Overdue Task List";
				USES_XCTRUNNER = YES;
			};
			name = Release;
		};
/* End XCBuildConfiguration section */

/* Begin XCConfigurationList section */
		4CF090391BF606F5008B20B9 /* Build configuration list for PBXProject "Overdue Task List" */ = {
			isa = XCConfigurationList;
			buildConfigurations = (
				4CF090691BF606F6008B20B9 /* Debug */,
				4CF0906A1BF606F6008B20B9 /* Release */,
			);
			defaultConfigurationIsVisible = 0;
			defaultConfigurationName = Release;
		};
		4CF0906B1BF606F6008B20B9 /* Build configuration list for PBXNativeTarget "Overdue Task List" */ = {
			isa = XCConfigurationList;
			buildConfigurations = (
				4CF0906C1BF606F6008B20B9 /* Debug */,
				4CF0906D1BF606F6008B20B9 /* Release */,
			);
			defaultConfigurationIsVisible = 0;
		};
		4CF0906E1BF606F6008B20B9 /* Build configuration list for PBXNativeTarget "Overdue Task ListTests" */ = {
			isa = XCConfigurationList;
			buildConfigurations = (
				4CF0906F1BF606F6008B20B9 /* Debug */,
				4CF090701BF606F6008B20B9 /* Release */,
			);
			defaultConfigurationIsVisible = 0;
		};
		4CF090711BF606F6008B20B9 /* Build configuration list for PBXNativeTarget "Overdue Task ListUITests" */ = {
			isa = XCConfigurationList;
			buildConfigurations = (
				4CF090721BF606F6008B20B9 /* Debug */,
				4CF090731BF606F6008B20B9 /* Release */,
			);
			defaultConfigurationIsVisible = 0;
		};
/* End XCConfigurationList section */
	};
	rootObject = 4CF090361BF606F5008B20B9 /* Project object */;
}
